github.com/BurntSushi/toml v0.3.1/go.mod h1:xHWCNGjB5oqiDr8zfno3MHue2Ht5sIBksp03qcyfWMU=
github.com/Masterminds/semver v1.5.0 h1:H65muMkzWKEuNDnfl9d70GUjFniHKHRbFPGBuZ3QEww=
github.com/Masterminds/semver v1.5.0/go.mod h1:MB6lktGJrhw8PrUyiEoblNEGEQ+RzHPF078ddwwvV3Y=
github.com/codahale/hdrhistogram v0.0.0-20161010025455-3a0bb77429bd/go.mod h1:sE/e/2PUdi/liOCUjSTXgM1o87ZssimdTWN964YiIeI=
github.com/cpuguy83/go-md2man/v2 v2.0.0-20190314233015-f79a8a8ca69d h1:U+s90UTSYgptZMwQh2aRr3LuazLJIa+Pg3Kc1ylSYVY=
github.com/cpuguy83/go-md2man/v2 v2.0.0-20190314233015-f79a8a8ca69d/go.mod h1:maD7wRr/U5Z6m/iR4s+kqSMx2CaBsrgA7czyZG/E6dU=
github.com/cratonica/trayhost v0.0.0-20150112162955-98495206fd96 h1:6ipVfy6FIZfwZW16Mw4dDEuF/5bpbOt5J65qytYoGLc=
github.com/cratonica/trayhost v0.0.0-20150112162955-98495206fd96/go.mod h1:/XONIvvU6d8zIYt5U9T3fCtR+QJ28Qma1Pnz/OfIJsU=
github.com/davecgh/go-spew v1.1.0/go.mod h1:J7Y8YcW2NihsgmVo/mv3lAwl/skON4iLHjSsI+c5H38=
github.com/davecgh/go-spew v1.1.1/go.mod h1:J7Y8YcW2NihsgmVo/mv3lAwl/skON4iLHjSsI+c5H38=
github.com/fsnotify/fsnotify v1.4.7 h1:IXs+QLmnXW2CcXuY+8Mzv/fWEsPGWxqefPtCP5CnV9I=
github.com/fsnotify/fsnotify v1.4.7/go.mod h1:jwhsz4b93w/PPRr/qN1Yymfu8t87LnFCMoQvtojpjFo=
github.com/getlantern/context v0.0.0-20190109183933-c447772a6520 h1:NRUJuo3v3WGC/g5YiyF790gut6oQr5f3FBI88Wv0dx4=
github.com/getlantern/context v0.0.0-20190109183933-c447772a6520/go.mod h1:L+mq6/vvYHKjCX2oez0CgEAJmbq1fbb/oNJIWQkBybY=
github.com/getlantern/errors v0.0.0-20180829142810-e24b7f4ff7c7 h1:pKm0g6hKvbd09FUAfFdlGBV/1L1e2KnXsapRNR6Z5/E=
github.com/getlantern/errors v0.0.0-20180829142810-e24b7f4ff7c7/go.mod h1:l+xpFBrCtDLpK9qNjxs+cHU6+BAdlBaxHqikB6Lku3A=
github.com/getlantern/golog v0.0.0-20170508214112-cca714f7feb5 h1:Okd7vkn9CfIgDBj1ST/vtBTCfD/kxIhYD412K+FRKPc=
github.com/getlantern/golog v0.0.0-20170508214112-cca714f7feb5/go.mod h1:Vwx1Cg64gCdIalad44uvQsKZw6LsVczIKZrUBStEjVw=
github.com/getlantern/hex v0.0.0-20160523043825-083fba3033ad h1:L/UatDVr6opOJnZdZnGwhFXjoIUwO6RHULxPyzb60L4=
github.com/getlantern/hex v0.0.0-20160523043825-083fba3033ad/go.mod h1:dD3CgOrwlzca8ed61CsZouQS5h5jIzkK9ZWrTcf0s+o=
github.com/getlantern/hidden v0.0.0-20160523043807-d52a649ab33a h1:gF6WQx7V8q91bBC4MUWOuKnWjUcDDi27d1zMdB0hPnM=
github.com/getlantern/hidden v0.0.0-20160523043807-d52a649ab33a/go.mod h1:6mmzY2kW1TOOrVy+r41Za2MxXM+hhqTtY3oBKd2AgFA=
github.com/getlantern/ops v0.0.0-20170904182230-37353306c908 h1:PiLUBXrdcPfVqAQVqLGCfKVq/5KI3KsRowk2mJ7IuVk=
github.com/getlantern/ops v0.0.0-20170904182230-37353306c908/go.mod h1:D5ao98qkA6pxftxoqzibIBBrLSUli+kYnJqrgBf9cIA=
github.com/getlantern/systray v0.0.0-20181206010516-eaad7114094d h1:1PsoSn8fvXAL8z5SQwYAO9HsU5OSbWLKA1A0YfeejaU=
github.com/getlantern/systray v0.0.0-20181206010516-eaad7114094d/go.mod h1:7Splj4WBQSps8jODnMgrIV6goKL0N1HR+mhCAEVWlA0=
github.com/go-stack/stack v1.8.0 h1:5SgMzNM5HxrEjV0ww2lTmX6E2Izsfxas4+YHWRs3Lsk=
github.com/go-stack/stack v1.8.0/go.mod h1:v0f6uXyyMGvRgIKkXu+yp6POWl0qKG85gN/melR3HDY=
github.com/go-yaml/yaml v2.1.0+incompatible h1:RYi2hDdss1u4YE7GwixGzWwVo47T8UQwnTLB6vQiq+o=
github.com/go-yaml/yaml v2.1.0+incompatible/go.mod h1:w2MrLa16VYP0jy6N7M5kHaCkaLENm+P+Tv+MfurjSw0=
github.com/gorilla/websocket v1.4.0 h1:WDFjx/TMzVgy9VdMMQi2K2Emtwi2QcUQsztZ/zLaH/Q=
github.com/gorilla/websocket v1.4.0/go.mod h1:E7qHFY5m1UJ88s3WnNqhKjPHQ0heANvMoAMk2YaljkQ=
github.com/gravitational/trace v0.0.0-20190726142706-a535a178675f/go.mod h1:RvdOUHE4SHqR3oXlFFKnGzms8a5dugHygGw1bqDstYI=
github.com/jonboulle/clockwork v0.1.0/go.mod h1:Ii8DK3G1RaLaWxj9trq07+26W01tbo22gdxWY5EU2bo=
github.com/konsorten/go-windows-terminal-sequences v1.0.1 h1:mweAR1A6xJ3oS2pRaGiHgQ4OO8tzTaLawm8vnODuwDk=
github.com/konsorten/go-windows-terminal-sequences v1.0.1/go.mod h1:T0+1ngSBFLxvqU3pZ+m/2kptfBszLMUkC4ZK/EgS/cQ=
github.com/kr/pretty v0.1.0/go.mod h1:dAy3ld7l9f0ibDNOQOHHMYYIIbhfbHSm3C4ZsoJORNo=
github.com/kr/pty v1.1.1/go.mod h1:pFQYn66WHrOpPYNljwOMqo10TkYh1fy3cYio2l3bCsQ=
github.com/kr/text v0.1.0/go.mod h1:4Jbv+DJW3UT/LiOwJeYQe1efqtUx/iVham/4vfdArNI=
github.com/mailgun/minheap v0.0.0-20170619185613-3dbe6c6bf55f/go.mod h1:V3EvCedtJTvUYzJF2GZMRB0JMlai+6cBu3VCTQz33GQ=
github.com/mailgun/multibuf v0.0.0-20150714184110-565402cd71fb/go.mod h1:E0vRBBIQUHcRtmL/oR6w/jehh4FJqJFxe86gBnw9gXc=
github.com/mailgun/timetools v0.0.0-20141028012446-7e6055773c51/go.mod h1:RYmqHbhWwIz3z9eVmQ2rx82rulEMG0t+Q1bzfc9DYN4=
github.com/mailgun/ttlmap v0.0.0-20170619185759-c1c17f74874f/go.mod h1:8heskWJ5c0v5J9WH89ADhyal1DOZcayll8fSbhB+/9A=
github.com/mattn/go-colorable v0.0.9/go.mod h1:9vuHe8Xs5qXnSaW/c/ABM9alt+Vo+STaOChaDxuIBZU=
github.com/mattn/go-isatty v0.0.4/go.mod h1:M+lRXTBqGeGNdLjl/ufCoiOlB5xdOkqRJdNxMWT7Zi4=
github.com/mattn/go-zglob v0.0.1 h1:xsEx/XUoVlI6yXjqBK062zYhRTZltCNmYPx6v+8DNaY=
github.com/mattn/go-zglob v0.0.1/go.mod h1:9fxibJccNxU2cnpIKLRRFA7zX7qhkJIQWBb449FYHOo=
github.com/mh-cbon/go-msi v0.0.0-20170907180328-7f05345d485b h1:JYRzqqsuCNWjxzglqrV3tpaIxax3ggBV8LFQbpBUQSs=
github.com/mh-cbon/go-msi v0.0.0-20170907180328-7f05345d485b/go.mod h1:sM/rs+l47HZaYkpeCH0Dr+JG1zrfa4gPRehnirDTpjY=
github.com/mh-cbon/stringexec v0.0.0-20160727103857-5a080a1a4118 h1:bFRytnIgPBWPz9dG1Ur5Pu7jBFjkrea17une3aEd2Wg=
github.com/mh-cbon/stringexec v0.0.0-20160727103857-5a080a1a4118/go.mod h1:SI078kddNqdZJQDEdmObdv8P9mpOlA7zkH2KWmBnsOs=
github.com/oxtoacart/bpool v0.0.0-20150712133111-4e1c5567d7c2 h1:CXwSGu/LYmbjEab5aMCs5usQRVBGThelUKBNnoSOuso=
github.com/oxtoacart/bpool v0.0.0-20150712133111-4e1c5567d7c2/go.mod h1:L3UMQOThbttwfYRNFOWLLVXMhk5Lkio4GGOtw5UrxS0=
github.com/pmezard/go-difflib v1.0.0/go.mod h1:iKH77koFhYxTK1pcRnkKkqfTogsbg7gZNVY4sRDYZ/4=
github.com/russross/blackfriday/v2 v2.0.1 h1:lPqVAte+HuHNfhJ/0LC98ESWRz8afy9tM/0RK8m9o+Q=
github.com/russross/blackfriday/v2 v2.0.1/go.mod h1:+Rmxgy9KzJVeS9/2gXHxylqXiyQDYRxCVz55jmeOWTM=
github.com/saibing/bingo v1.1.0 h1:iglyFTYe6/ZxaICp499bmAk30Uq92oFa6K7kgz8Spxw=
github.com/saibing/bingo v1.1.0/go.mod h1:kPUuE8jwIRE8KldxfQN6kzUxAZRo1pzuXU/EBbQR5NU=
github.com/satori/go.uuid v1.2.0 h1:0uYX9dsZ2yD7q2RtLRtPSdGDWzjeM3TbMJP9utgA0ww=
github.com/satori/go.uuid v1.2.0/go.mod h1:dA0hQrYB0VpLJoorglMZABFdXlWrHn1NEOzdhQKdks0=
github.com/shurcooL/sanitized_anchor_name v1.0.0 h1:PdmoCO6wvbs+7yrJyMORt4/BmY5IYyJwS/kOiWx8mHo=
github.com/shurcooL/sanitized_anchor_name v1.0.0/go.mod h1:1NzhyTcUVG4SuEtjjoZeVRXNmyL/1OwPU0+IJeTBvfc=
github.com/shurcooL/trayhost v0.0.0-20181020202213-114974ef9e16 h1:7EdFnfVUAu1Rv5bNVjaygc2dWu7RiZV804h3qOJtlbM=
github.com/shurcooL/trayhost v0.0.0-20181020202213-114974ef9e16/go.mod h1:jCGK0NF4lbbRrPGyl1Eonb4Xicbeiy2Ry6okvvZWlnQ=
github.com/sirupsen/logrus v1.4.2 h1:SPIRibHv4MatM3XXNO2BJeFLZwZ2LvZgfQ5+UNI2im4=
github.com/sirupsen/logrus v1.4.2/go.mod h1:tLMulIdttU9McNUspp0xgXVQah82FyeX6MwdIuYE2rE=
github.com/skratchdot/open-golang v0.0.0-20190104022628-a2dfa6d0dab6 h1:cGT4dcuEyBwwu/v6tosyqcDp2yoIo/LwjMGixUvg3nU=
github.com/skratchdot/open-golang v0.0.0-20190104022628-a2dfa6d0dab6/go.mod h1:sUM3LWHvSMaG192sy56D9F7CNvL7jUJVXoqM1QKLnog=
github.com/slimsag/godocmd v0.0.0-20161025000126-a1005ad29fe3 h1:sAARUcYbwxnebBeWHzKX2MeyXtzy25TEglCTz9BhueY=
github.com/slimsag/godocmd v0.0.0-20161025000126-a1005ad29fe3/go.mod h1:AIBPxLCkKUFc2ZkjCXzs/Kk9OUhQLw/Zicdd0Rhqz2U=
github.com/sourcegraph/go-lsp v0.0.0-20181119182933-0c7d621186c1/go.mod h1:tpps84QRlOVVLYk5QpKYX8Tr289D1v/UTWDLqeguiqM=
github.com/sourcegraph/jsonrpc2 v0.0.0-20180831160525-549eb959f029 h1:86fjxPjv7RGdGho8ShBSEDZQPERPNnZbny8fJ0FcOGo=
github.com/sourcegraph/jsonrpc2 v0.0.0-20180831160525-549eb959f029/go.mod h1:eESpbCslcLDs8j2D7IEdGVgul7xuk9odqDTaor30IUU=
github.com/stretchr/objx v0.1.0/go.mod h1:HFkY916IF+rwdDfMAkV7OtwuqBVzrE8GR6GFx+wExME=
github.com/stretchr/objx v0.1.1/go.mod h1:HFkY916IF+rwdDfMAkV7OtwuqBVzrE8GR6GFx+wExME=
github.com/stretchr/testify v1.2.2/go.mod h1:a8OnRcib4nhh0OaRAV+Yts87kKdq0PP7pXfy6kDkUVs=
github.com/stretchr/testify v1.3.0/go.mod h1:M5WIy9Dh21IEIfnGCwXGc5bZfKNJtfHm1UVUgZn+9EI=
github.com/tarm/serial v0.0.0-20180830185346-98f6abe2eb07 h1:UyzmZLoiDWMRywV4DUYb9Fbt8uiOSooupjTq10vpvnU=
github.com/tarm/serial v0.0.0-20180830185346-98f6abe2eb07/go.mod h1:kDXzergiv9cbyO7IOYJZWg1U88JhDg3PB6klq9Hg2pA=
github.com/urfave/cli v1.22.1 h1:+mkCCcOFKPnCmVYVcURKps1Xe+3zP90gSYGNfRkjoIY=
github.com/urfave/cli v1.22.1/go.mod h1:Gos4lmkARVdJ6EkW0WaNv/tZAAMe9V7XWyB60NtXRu0=
github.com/vulcand/oxy v1.0.0 h1:7vL5/pjDFzHGbtBEhmlHITUi6KLH4xXTDF33/wrdRKw=
github.com/vulcand/oxy v1.0.0/go.mod h1:6EXgOAl6CRa46/2ZGcDJKf3ywJUp5WtT7vSlGSkvecI=
github.com/vulcand/predicate v1.1.0/go.mod h1:mlccC5IRBoc2cIFmCB8ZM62I3VDb6p2GXESMHa3CnZg=
golang.org/x/crypto v0.0.0-20190308221718-c2843e01d9a2/go.mod h1:djNgcEr1/C05ACkg1iLfiJU5Ep61QUkGW8qpdssI0+w=
golang.org/x/net v0.0.0-20190724013045-ca1201d0de80/go.mod h1:z5CRVTTTmAJ677TzLLGU+0bjPO0LkuOLi4/5GtJWs/s=
golang.org/x/sys v0.0.0-20181122145206-62eef0e2fa9b/go.mod h1:STP8DvDyc/dI5b8T5hshtkjS+E42TnysNCUPdjciGhY=
golang.org/x/sys v0.0.0-20190109145017-48ac38b7c8cb h1:1w588/yEchbPNpa9sEvOcMZYbWHedwJjg4VOAdDHWHk=
golang.org/x/sys v0.0.0-20190109145017-48ac38b7c8cb/go.mod h1:STP8DvDyc/dI5b8T5hshtkjS+E42TnysNCUPdjciGhY=
golang.org/x/sys v0.0.0-20190215142949-d0b11bdaac8a/go.mod h1:STP8DvDyc/dI5b8T5hshtkjS+E42TnysNCUPdjciGhY=
golang.org/x/sys v0.0.0-20190422165155-953cdadca894 h1:Cz4ceDQGXuKRnVBDTS23GTn/pU5OE2C0WrNTOYK1Uuc=
golang.org/x/sys v0.0.0-20190422165155-953cdadca894/go.mod h1:h1NjWce9XRLGQEsW7wpKNCjG9DtNlClVuFLEZdDNbEs=
golang.org/x/text v0.3.0 h1:g61tztE5qeGQ89tm6NTjjM9VPIm088od1l6aSorWRWg=
golang.org/x/text v0.3.0/go.mod h1:NqM8EUOU14njkJ3fqMW+pc6Ldnwhi/IjpwHt7yyuwOQ=
golang.org/x/tools v0.0.0-20181122213734-04b5d21e00f1 h1:bsEj/LXbv3BCtkp/rBj9Wi/0Nde4OMaraIZpndHAhdI=
golang.org/x/tools v0.0.0-20181122213734-04b5d21e00f1/go.mod h1:n7NCudcB/nEzxVGmLbDWY5pfWTLqBcC2KZ6jyYvM4mQ=
gopkg.in/check.v1 v0.0.0-20161208181325-20d25e280405/go.mod h1:Co6ibVJAznAaIkqp8huTwlJQCZ016jof/cbN4VW5Yz0=
gopkg.in/check.v1 v1.0.0-20180628173108-788fd7840127/go.mod h1:Co6ibVJAznAaIkqp8huTwlJQCZ016jof/cbN4VW5Yz0=
gopkg.in/inconshreveable/log15.v2 v2.0.0-20180818164646-67afb5ed74ec/go.mod h1:aPpfJ7XW+gOuirDoZ8gHhLh3kZ1B08FtV2bbmy7Jv3s=
gopkg.in/yaml.v2 v2.2.2/go.mod h1:hI93XBmqTisBFMUTm0b8Fm+jr3Dg1NNxqwp+5A1VGuI=
